
Microsoft Visual Studio Solution File, Format Version 12.00
# Visual Studio Version 17
VisualStudioVersion = 17.0.31903.59
MinimumVisualStudioVersion = 10.0.40219.1
Project("{2150E333-8FDC-42A3-9474-1A3956D46DE8}") = "src", "src", "{827E0CD3-B72D-47B6-A68D-7590B98EB39B}"
EndProject
Project("{FAE04EC0-301F-11D3-BF4B-00C04F79EFBC}") = "SchoolManagement.Shared", "src\SchoolManagement.Shared\SchoolManagement.Shared.csproj", "{B4B967B9-D3F8-486C-8623-C83F5E1A6FD4}"
EndProject
Project("{FAE04EC0-301F-11D3-BF4B-00C04F79EFBC}") = "SchoolManagement.Domain", "src\SchoolManagement.Domain\SchoolManagement.Domain.csproj", "{138386A1-025D-4822-9B8E-4E4F04DB5A29}"
EndProject
Project("{FAE04EC0-301F-11D3-BF4B-00C04F79EFBC}") = "SchoolManagement.Application", "src\SchoolManagement.Application\SchoolManagement.Application.csproj", "{3FA5185C-8B30-4482-A5A9-34A32B5F909C}"
EndProject
Project("{FAE04EC0-301F-11D3-BF4B-00C04F79EFBC}") = "SchoolManagement.Infrastructure", "src\SchoolManagement.Infrastructure\SchoolManagement.Infrastructure.csproj", "{5C834F34-EF23-483C-B5BB-18D2F04D9F86}"
EndProject
Project("{FAE04EC0-301F-11D3-BF4B-00C04F79EFBC}") = "SchoolManagement.API", "src\SchoolManagement.API\SchoolManagement.API.csproj", "{6EFB97AB-32F3-46F8-8A21-692F24A6F0C1}"
EndProject
Project("{FAE04EC0-301F-11D3-BF4B-00C04F79EFBC}") = "SchoolManagement.Desktop", "src\SchoolManagement.Desktop\SchoolManagement.Desktop.csproj", "{395BE274-DBC9-4138-8784-6A2440C0B928}"
EndProject
Project("{2150E333-8FDC-42A3-9474-1A3956D46DE8}") = "tests", "tests", "{0AB3BF05-4346-4AA6-1389-037BE0695223}"
EndProject
Project("{FAE04EC0-301F-11D3-BF4B-00C04F79EFBC}") = "SchoolManagement.UnitTests", "tests\SchoolManagement.UnitTests\SchoolManagement.UnitTests.csproj", "{A3D7FCDF-DEBC-4F7E-97CB-A68E644ED639}"
EndProject
Project("{FAE04EC0-301F-11D3-BF4B-00C04F79EFBC}") = "SchoolManagement.IntegrationTests", "tests\SchoolManagement.IntegrationTests\SchoolManagement.IntegrationTests.csproj", "{2F9327ED-5AE2-4244-93C3-81C5482D9A67}"
EndProject
Project("{FAE04EC0-301F-11D3-BF4B-00C04F79EFBC}") = "SchoolManagement.Updates", "src\SchoolManagement.Updates\SchoolManagement.Updates.csproj", "{102183BC-4DEA-40EF-A0F5-D05A572CDA04}"
EndProject
Project("{FAE04EC0-301F-11D3-BF4B-00C04F79EFBC}") = "SchoolManagement.LocalServerDiscovery", "src\SchoolManagement.LocalServerDiscovery\SchoolManagement.LocalServerDiscovery.csproj", "{12C73AA4-ABFE-4F7D-88E8-BD1B02B80657}"
EndProject
Global
	GlobalSection(SolutionConfigurationPlatforms) = preSolution
		Debug|Any CPU = Debug|Any CPU
		Debug|x64 = Debug|x64
		Debug|x86 = Debug|x86
		Release|Any CPU = Release|Any CPU
		Release|x64 = Release|x64
		Release|x86 = Release|x86
	EndGlobalSection
	GlobalSection(ProjectConfigurationPlatforms) = postSolution
		{B4B967B9-D3F8-486C-8623-C83F5E1A6FD4}.Debug|Any CPU.ActiveCfg = Debug|Any CPU
		{B4B967B9-D3F8-486C-8623-C83F5E1A6FD4}.Debug|Any CPU.Build.0 = Debug|Any CPU
		{B4B967B9-D3F8-486C-8623-C83F5E1A6FD4}.Debug|x64.ActiveCfg = Debug|Any CPU
		{B4B967B9-D3F8-486C-8623-C83F5E1A6FD4}.Debug|x64.Build.0 = Debug|Any CPU
		{B4B967B9-D3F8-486C-8623-C83F5E1A6FD4}.Debug|x86.ActiveCfg = Debug|Any CPU
		{B4B967B9-D3F8-486C-8623-C83F5E1A6FD4}.Debug|x86.Build.0 = Debug|Any CPU
		{B4B967B9-D3F8-486C-8623-C83F5E1A6FD4}.Release|Any CPU.ActiveCfg = Release|Any CPU
		{B4B967B9-D3F8-486C-8623-C83F5E1A6FD4}.Release|Any CPU.Build.0 = Release|Any CPU
		{B4B967B9-D3F8-486C-8623-C83F5E1A6FD4}.Release|x64.ActiveCfg = Release|Any CPU
		{B4B967B9-D3F8-486C-8623-C83F5E1A6FD4}.Release|x64.Build.0 = Release|Any CPU
		{B4B967B9-D3F8-486C-8623-C83F5E1A6FD4}.Release|x86.ActiveCfg = Release|Any CPU
		{B4B967B9-D3F8-486C-8623-C83F5E1A6FD4}.Release|x86.Build.0 = Release|Any CPU
		{138386A1-025D-4822-9B8E-4E4F04DB5A29}.Debug|Any CPU.ActiveCfg = Debug|Any CPU
		{138386A1-025D-4822-9B8E-4E4F04DB5A29}.Debug|Any CPU.Build.0 = Debug|Any CPU
		{138386A1-025D-4822-9B8E-4E4F04DB5A29}.Debug|x64.ActiveCfg = Debug|Any CPU
		{138386A1-025D-4822-9B8E-4E4F04DB5A29}.Debug|x64.Build.0 = Debug|Any CPU
		{138386A1-025D-4822-9B8E-4E4F04DB5A29}.Debug|x86.ActiveCfg = Debug|Any CPU
		{138386A1-025D-4822-9B8E-4E4F04DB5A29}.Debug|x86.Build.0 = Debug|Any CPU
		{138386A1-025D-4822-9B8E-4E4F04DB5A29}.Release|Any CPU.ActiveCfg = Release|Any CPU
		{138386A1-025D-4822-9B8E-4E4F04DB5A29}.Release|Any CPU.Build.0 = Release|Any CPU
		{138386A1-025D-4822-9B8E-4E4F04DB5A29}.Release|x64.ActiveCfg = Release|Any CPU
		{138386A1-025D-4822-9B8E-4E4F04DB5A29}.Release|x64.Build.0 = Release|Any CPU
		{138386A1-025D-4822-9B8E-4E4F04DB5A29}.Release|x86.ActiveCfg = Release|Any CPU
		{138386A1-025D-4822-9B8E-4E4F04DB5A29}.Release|x86.Build.0 = Release|Any CPU
		{3FA5185C-8B30-4482-A5A9-34A32B5F909C}.Debug|Any CPU.ActiveCfg = Debug|Any CPU
		{3FA5185C-8B30-4482-A5A9-34A32B5F909C}.Debug|Any CPU.Build.0 = Debug|Any CPU
		{3FA5185C-8B30-4482-A5A9-34A32B5F909C}.Debug|x64.ActiveCfg = Debug|Any CPU
		{3FA5185C-8B30-4482-A5A9-34A32B5F909C}.Debug|x64.Build.0 = Debug|Any CPU
		{3FA5185C-8B30-4482-A5A9-34A32B5F909C}.Debug|x86.ActiveCfg = Debug|Any CPU
		{3FA5185C-8B30-4482-A5A9-34A32B5F909C}.Debug|x86.Build.0 = Debug|Any CPU
		{3FA5185C-8B30-4482-A5A9-34A32B5F909C}.Release|Any CPU.ActiveCfg = Release|Any CPU
		{3FA5185C-8B30-4482-A5A9-34A32B5F909C}.Release|Any CPU.Build.0 = Release|Any CPU
		{3FA5185C-8B30-4482-A5A9-34A32B5F909C}.Release|x64.ActiveCfg = Release|Any CPU
		{3FA5185C-8B30-4482-A5A9-34A32B5F909C}.Release|x64.Build.0 = Release|Any CPU
		{3FA5185C-8B30-4482-A5A9-34A32B5F909C}.Release|x86.ActiveCfg = Release|Any CPU
		{3FA5185C-8B30-4482-A5A9-34A32B5F909C}.Release|x86.Build.0 = Release|Any CPU
		{5C834F34-EF23-483C-B5BB-18D2F04D9F86}.Debug|Any CPU.ActiveCfg = Debug|Any CPU
		{5C834F34-EF23-483C-B5BB-18D2F04D9F86}.Debug|Any CPU.Build.0 = Debug|Any CPU
		{5C834F34-EF23-483C-B5BB-18D2F04D9F86}.Debug|x64.ActiveCfg = Debug|Any CPU
		{5C834F34-EF23-483C-B5BB-18D2F04D9F86}.Debug|x64.Build.0 = Debug|Any CPU
		{5C834F34-EF23-483C-B5BB-18D2F04D9F86}.Debug|x86.ActiveCfg = Debug|Any CPU
		{5C834F34-EF23-483C-B5BB-18D2F04D9F86}.Debug|x86.Build.0 = Debug|Any CPU
		{5C834F34-EF23-483C-B5BB-18D2F04D9F86}.Release|Any CPU.ActiveCfg = Release|Any CPU
		{5C834F34-EF23-483C-B5BB-18D2F04D9F86}.Release|Any CPU.Build.0 = Release|Any CPU
		{5C834F34-EF23-483C-B5BB-18D2F04D9F86}.Release|x64.ActiveCfg = Release|Any CPU
		{5C834F34-EF23-483C-B5BB-18D2F04D9F86}.Release|x64.Build.0 = Release|Any CPU
		{5C834F34-EF23-483C-B5BB-18D2F04D9F86}.Release|x86.ActiveCfg = Release|Any CPU
		{5C834F34-EF23-483C-B5BB-18D2F04D9F86}.Release|x86.Build.0 = Release|Any CPU
		{6EFB97AB-32F3-46F8-8A21-692F24A6F0C1}.Debug|Any CPU.ActiveCfg = Debug|Any CPU
		{6EFB97AB-32F3-46F8-8A21-692F24A6F0C1}.Debug|Any CPU.Build.0 = Debug|Any CPU
		{6EFB97AB-32F3-46F8-8A21-692F24A6F0C1}.Debug|x64.ActiveCfg = Debug|Any CPU
		{6EFB97AB-32F3-46F8-8A21-692F24A6F0C1}.Debug|x64.Build.0 = Debug|Any CPU
		{6EFB97AB-32F3-46F8-8A21-692F24A6F0C1}.Debug|x86.ActiveCfg = Debug|Any CPU
		{6EFB97AB-32F3-46F8-8A21-692F24A6F0C1}.Debug|x86.Build.0 = Debug|Any CPU
		{6EFB97AB-32F3-46F8-8A21-692F24A6F0C1}.Release|Any CPU.ActiveCfg = Release|Any CPU
		{6EFB97AB-32F3-46F8-8A21-692F24A6F0C1}.Release|Any CPU.Build.0 = Release|Any CPU
		{6EFB97AB-32F3-46F8-8A21-692F24A6F0C1}.Release|x64.ActiveCfg = Release|Any CPU
		{6EFB97AB-32F3-46F8-8A21-692F24A6F0C1}.Release|x64.Build.0 = Release|Any CPU
		{6EFB97AB-32F3-46F8-8A21-692F24A6F0C1}.Release|x86.ActiveCfg = Release|Any CPU
		{6EFB97AB-32F3-46F8-8A21-692F24A6F0C1}.Release|x86.Build.0 = Release|Any CPU
		{395BE274-DBC9-4138-8784-6A2440C0B928}.Debug|Any CPU.ActiveCfg = Debug|Any CPU
		{395BE274-DBC9-4138-8784-6A2440C0B928}.Debug|Any CPU.Build.0 = Debug|Any CPU
		{395BE274-DBC9-4138-8784-6A2440C0B928}.Debug|x64.ActiveCfg = Debug|Any CPU
		{395BE274-DBC9-4138-8784-6A2440C0B928}.Debug|x64.Build.0 = Debug|Any CPU
		{395BE274-DBC9-4138-8784-6A2440C0B928}.Debug|x86.ActiveCfg = Debug|Any CPU
		{395BE274-DBC9-4138-8784-6A2440C0B928}.Debug|x86.Build.0 = Debug|Any CPU
		{395BE274-DBC9-4138-8784-6A2440C0B928}.Release|Any CPU.ActiveCfg = Release|Any CPU
		{395BE274-DBC9-4138-8784-6A2440C0B928}.Release|Any CPU.Build.0 = Release|Any CPU
		{395BE274-DBC9-4138-8784-6A2440C0B928}.Release|x64.ActiveCfg = Release|Any CPU
		{395BE274-DBC9-4138-8784-6A2440C0B928}.Release|x64.Build.0 = Release|Any CPU
		{395BE274-DBC9-4138-8784-6A2440C0B928}.Release|x86.ActiveCfg = Release|Any CPU
		{395BE274-DBC9-4138-8784-6A2440C0B928}.Release|x86.Build.0 = Release|Any CPU
		{A3D7FCDF-DEBC-4F7E-97CB-A68E644ED639}.Debug|Any CPU.ActiveCfg = Debug|Any CPU
		{A3D7FCDF-DEBC-4F7E-97CB-A68E644ED639}.Debug|Any CPU.Build.0 = Debug|Any CPU
		{A3D7FCDF-DEBC-4F7E-97CB-A68E644ED639}.Debug|x64.ActiveCfg = Debug|Any CPU
		{A3D7FCDF-DEBC-4F7E-97CB-A68E644ED639}.Debug|x64.Build.0 = Debug|Any CPU
		{A3D7FCDF-DEBC-4F7E-97CB-A68E644ED639}.Debug|x86.ActiveCfg = Debug|Any CPU
		{A3D7FCDF-DEBC-4F7E-97CB-A68E644ED639}.Debug|x86.Build.0 = Debug|Any CPU
		{A3D7FCDF-DEBC-4F7E-97CB-A68E644ED639}.Release|Any CPU.ActiveCfg = Release|Any CPU
		{A3D7FCDF-DEBC-4F7E-97CB-A68E644ED639}.Release|Any CPU.Build.0 = Release|Any CPU
		{A3D7FCDF-DEBC-4F7E-97CB-A68E644ED639}.Release|x64.ActiveCfg = Release|Any CPU
		{A3D7FCDF-DEBC-4F7E-97CB-A68E644ED639}.Release|x64.Build.0 = Release|Any CPU
		{A3D7FCDF-DEBC-4F7E-97CB-A68E644ED639}.Release|x86.ActiveCfg = Release|Any CPU
		{A3D7FCDF-DEBC-4F7E-97CB-A68E644ED639}.Release|x86.Build.0 = Release|Any CPU
		{2F9327ED-5AE2-4244-93C3-81C5482D9A67}.Debug|Any CPU.ActiveCfg = Debug|Any CPU
		{2F9327ED-5AE2-4244-93C3-81C5482D9A67}.Debug|Any CPU.Build.0 = Debug|Any CPU
		{2F9327ED-5AE2-4244-93C3-81C5482D9A67}.Debug|x64.ActiveCfg = Debug|Any CPU
		{2F9327ED-5AE2-4244-93C3-81C5482D9A67}.Debug|x64.Build.0 = Debug|Any CPU
		{2F9327ED-5AE2-4244-93C3-81C5482D9A67}.Debug|x86.ActiveCfg = Debug|Any CPU
		{2F9327ED-5AE2-4244-93C3-81C5482D9A67}.Debug|x86.Build.0 = Debug|Any CPU
		{2F9327ED-5AE2-4244-93C3-81C5482D9A67}.Release|Any CPU.ActiveCfg = Release|Any CPU
		{2F9327ED-5AE2-4244-93C3-81C5482D9A67}.Release|Any CPU.Build.0 = Release|Any CPU
		{2F9327ED-5AE2-4244-93C3-81C5482D9A67}.Release|x64.ActiveCfg = Release|Any CPU
		{2F9327ED-5AE2-4244-93C3-81C5482D9A67}.Release|x64.Build.0 = Release|Any CPU
		{2F9327ED-5AE2-4244-93C3-81C5482D9A67}.Release|x86.ActiveCfg = Release|Any CPU
		{2F9327ED-5AE2-4244-93C3-81C5482D9A67}.Release|x86.Build.0 = Release|Any CPU
		{102183BC-4DEA-40EF-A0F5-D05A572CDA04}.Debug|Any CPU.ActiveCfg = Debug|Any CPU
		{102183BC-4DEA-40EF-A0F5-D05A572CDA04}.Debug|Any CPU.Build.0 = Debug|Any CPU
		{102183BC-4DEA-40EF-A0F5-D05A572CDA04}.Debug|x64.ActiveCfg = Debug|Any CPU
		{102183BC-4DEA-40EF-A0F5-D05A572CDA04}.Debug|x64.Build.0 = Debug|Any CPU
		{102183BC-4DEA-40EF-A0F5-D05A572CDA04}.Debug|x86.ActiveCfg = Debug|Any CPU
		{102183BC-4DEA-40EF-A0F5-D05A572CDA04}.Debug|x86.Build.0 = Debug|Any CPU
		{102183BC-4DEA-40EF-A0F5-D05A572CDA04}.Release|Any CPU.ActiveCfg = Release|Any CPU
		{102183BC-4DEA-40EF-A0F5-D05A572CDA04}.Release|Any CPU.Build.0 = Release|Any CPU
		{102183BC-4DEA-40EF-A0F5-D05A572CDA04}.Release|x64.ActiveCfg = Release|Any CPU
		{102183BC-4DEA-40EF-A0F5-D05A572CDA04}.Release|x64.Build.0 = Release|Any CPU
		{102183BC-4DEA-40EF-A0F5-D05A572CDA04}.Release|x86.ActiveCfg = Release|Any CPU
		{102183BC-4DEA-40EF-A0F5-D05A572CDA04}.Release|x86.Build.0 = Release|Any CPU
		{12C73AA4-ABFE-4F7D-88E8-BD1B02B80657}.Debug|Any CPU.ActiveCfg = Debug|Any CPU
		{12C73AA4-ABFE-4F7D-88E8-BD1B02B80657}.Debug|Any CPU.Build.0 = Debug|Any CPU
		{12C73AA4-ABFE-4F7D-88E8-BD1B02B80657}.Debug|x64.ActiveCfg = Debug|Any CPU
		{12C73AA4-ABFE-4F7D-88E8-BD1B02B80657}.Debug|x64.Build.0 = Debug|Any CPU
		{12C73AA4-ABFE-4F7D-88E8-BD1B02B80657}.Debug|x86.ActiveCfg = Debug|Any CPU
		{12C73AA4-ABFE-4F7D-88E8-BD1B02B80657}.Debug|x86.Build.0 = Debug|Any CPU
		{12C73AA4-ABFE-4F7D-88E8-BD1B02B80657}.Release|Any CPU.ActiveCfg = Release|Any CPU
		{12C73AA4-ABFE-4F7D-88E8-BD1B02B80657}.Release|Any CPU.Build.0 = Release|Any CPU
		{12C73AA4-ABFE-4F7D-88E8-BD1B02B80657}.Release|x64.ActiveCfg = Release|Any CPU
		{12C73AA4-ABFE-4F7D-88E8-BD1B02B80657}.Release|x64.Build.0 = Release|Any CPU
		{12C73AA4-ABFE-4F7D-88E8-BD1B02B80657}.Release|x86.ActiveCfg = Release|Any CPU
		{12C73AA4-ABFE-4F7D-88E8-BD1B02B80657}.Release|x86.Build.0 = Release|Any CPU
	EndGlobalSection
	GlobalSection(SolutionProperties) = preSolution
		HideSolutionNode = FALSE
	EndGlobalSection
	GlobalSection(NestedProjects) = preSolution
		{B4B967B9-D3F8-486C-8623-C83F5E1A6FD4} = {827E0CD3-B72D-47B6-A68D-7590B98EB39B}
		{138386A1-025D-4822-9B8E-4E4F04DB5A29} = {827E0CD3-B72D-47B6-A68D-7590B98EB39B}
		{3FA5185C-8B30-4482-A5A9-34A32B5F909C} = {827E0CD3-B72D-47B6-A68D-7590B98EB39B}
		{5C834F34-EF23-483C-B5BB-18D2F04D9F86} = {827E0CD3-B72D-47B6-A68D-7590B98EB39B}
		{6EFB97AB-32F3-46F8-8A21-692F24A6F0C1} = {827E0CD3-B72D-47B6-A68D-7590B98EB39B}
		{395BE274-DBC9-4138-8784-6A2440C0B928} = {827E0CD3-B72D-47B6-A68D-7590B98EB39B}
		{A3D7FCDF-DEBC-4F7E-97CB-A68E644ED639} = {0AB3BF05-4346-4AA6-1389-037BE0695223}
		{2F9327ED-5AE2-4244-93C3-81C5482D9A67} = {0AB3BF05-4346-4AA6-1389-037BE0695223}
		{102183BC-4DEA-40EF-A0F5-D05A572CDA04} = {827E0CD3-B72D-47B6-A68D-7590B98EB39B}
		{12C73AA4-ABFE-4F7D-88E8-BD1B02B80657} = {827E0CD3-B72D-47B6-A68D-7590B98EB39B}
	EndGlobalSection
EndGlobal
